# This is a Gradle generated file for dependency locking.
# Manual edits can break the build and are not advised.
# This file is expected to be part of source control.
com.fasterxml.jackson.core:jackson-annotations:2.12.7=dokkaGfmPlugin,dokkaGfmRuntime,dokkaHtmlPlugin,dokkaHtmlRuntime,dokkaJavadocPlugin,dokkaJavadocRuntime,dokkaJekyllPlugin,dokkaJekyllRuntime
com.fasterxml.jackson.core:jackson-core:2.12.7=dokkaGfmPlugin,dokkaGfmRuntime,dokkaHtmlPlugin,dokkaHtmlRuntime,dokkaJavadocPlugin,dokkaJavadocRuntime,dokkaJekyllPlugin,dokkaJekyllRuntime
com.fasterxml.jackson.core:jackson-core:2.16.1=examplesCompileClasspath,examplesImplementationDependenciesMetadata,examplesRuntimeClasspath
com.fasterxml.jackson.core:jackson-databind:2.12.7.1=dokkaGfmPlugin,dokkaGfmRuntime,dokkaHtmlPlugin,dokkaHtmlRuntime,dokkaJavadocPlugin,dokkaJavadocRuntime,dokkaJekyllPlugin,dokkaJekyllRuntime
com.fasterxml.jackson.dataformat:jackson-dataformat-xml:2.12.7=dokkaGfmRuntime,dokkaHtmlRuntime,dokkaJavadocRuntime,dokkaJekyllRuntime
com.fasterxml.jackson.module:jackson-module-jaxb-annotations:2.12.7=dokkaGfmRuntime,dokkaHtmlRuntime,dokkaJavadocRuntime,dokkaJekyllRuntime
com.fasterxml.jackson.module:jackson-module-kotlin:2.12.7=dokkaGfmPlugin,dokkaGfmRuntime,dokkaHtmlPlugin,dokkaHtmlRuntime,dokkaJavadocPlugin,dokkaJavadocRuntime,dokkaJekyllPlugin,dokkaJekyllRuntime
com.fasterxml.jackson:jackson-bom:2.12.7=dokkaGfmPlugin,dokkaGfmRuntime,dokkaHtmlPlugin,dokkaHtmlRuntime,dokkaJavadocPlugin,dokkaJavadocRuntime,dokkaJekyllPlugin,dokkaJekyllRuntime
com.fasterxml.jackson:jackson-bom:2.16.1=examplesCompileClasspath,examplesImplementationDependenciesMetadata,examplesRuntimeClasspath
com.fasterxml.woodstox:woodstox-core:6.2.4=dokkaGfmRuntime,dokkaHtmlRuntime,dokkaJavadocRuntime,dokkaJekyllRuntime
com.github.ajalt.clikt:clikt-core-jvm:5.0.1=examplesCompileClasspath,examplesRuntimeClasspath
com.github.ajalt.clikt:clikt-core:5.0.1=examplesCompileClasspath,examplesImplementationDependenciesMetadata,examplesRuntimeClasspath
com.github.ajalt.clikt:clikt-jvm:5.0.1=examplesCompileClasspath,examplesImplementationDependenciesMetadata,examplesRuntimeClasspath
com.github.ajalt.colormath:colormath-jvm:3.6.0=compileClasspath,examplesCompileClasspath,examplesRuntimeClasspath,runtimeClasspath,testCompileClasspath,testRuntimeClasspath
com.github.ajalt.colormath:colormath:3.6.0=compileClasspath,examplesCompileClasspath,examplesImplementationDependenciesMetadata,examplesRuntimeClasspath,implementationDependenciesMetadata,runtimeClasspath,testCompileClasspath,testImplementationDependenciesMetadata,testRuntimeClasspath
com.github.ajalt.mordant:mordant-core-jvm:3.0.0=compileClasspath,examplesCompileClasspath,examplesRuntimeClasspath,runtimeClasspath,testCompileClasspath,testRuntimeClasspath
com.github.ajalt.mordant:mordant-core:3.0.0=compileClasspath,examplesCompileClasspath,examplesImplementationDependenciesMetadata,examplesRuntimeClasspath,implementationDependenciesMetadata,runtimeClasspath,testCompileClasspath,testImplementationDependenciesMetadata,testRuntimeClasspath
com.github.ajalt.mordant:mordant-jvm-ffm-jvm:3.0.0=examplesRuntimeClasspath,runtimeClasspath,testRuntimeClasspath
com.github.ajalt.mordant:mordant-jvm-ffm:3.0.0=examplesRuntimeClasspath,runtimeClasspath,testRuntimeClasspath
com.github.ajalt.mordant:mordant-jvm-graal-ffi-jvm:3.0.0=examplesRuntimeClasspath
com.github.ajalt.mordant:mordant-jvm-graal-ffi:3.0.0=examplesRuntimeClasspath,runtimeClasspath,testRuntimeClasspath
com.github.ajalt.mordant:mordant-jvm-jna-jvm:3.0.0=examplesRuntimeClasspath,runtimeClasspath,testRuntimeClasspath
com.github.ajalt.mordant:mordant-jvm-jna:3.0.0=examplesRuntimeClasspath,runtimeClasspath,testRuntimeClasspath
com.github.ajalt.mordant:mordant-jvm:2.6.0=dependencySources,testDependencySources
com.github.ajalt.mordant:mordant-jvm:3.0.0=compileClasspath,examplesCompileClasspath,examplesImplementationDependenciesMetadata,examplesRuntimeClasspath,implementationDependenciesMetadata,runtimeClasspath,testCompileClasspath,testImplementationDependenciesMetadata,testRuntimeClasspath
com.github.ajalt.mordant:mordant:3.0.0=examplesCompileClasspath,examplesImplementationDependenciesMetadata,examplesRuntimeClasspath
com.googlecode.javaewah:JavaEWAH:1.1.13=examplesCompileClasspath,examplesImplementationDependenciesMetadata,examplesRuntimeClasspath
com.pi4j:pi4j-core:1.2=examplesCompileClasspath,examplesImplementationDependenciesMetadata,examplesRuntimeClasspath
com.soywiz.korlibs.korte:korte-jvm:4.0.10=dokkaJavadocPlugin
com.willowtreeapps.assertk:assertk-jvm:0.28.1=testCompileClasspath,testDependencySources,testImplementationDependenciesMetadata,testRuntimeClasspath
com.willowtreeapps.opentest4k:opentest4k-jvm:1.3.0=testRuntimeClasspath
com.willowtreeapps.opentest4k:opentest4k:1.3.0=testRuntimeClasspath
commons-codec:commons-codec:1.17.1=examplesCompileClasspath,examplesImplementationDependenciesMetadata,examplesRuntimeClasspath
commons-io:commons-io:2.16.1=examplesCompileClasspath,examplesImplementationDependenciesMetadata,examplesRuntimeClasspath
de.erichseifert.vectorgraphics2d:VectorGraphics2D:0.13=examplesCompileClasspath,examplesImplementationDependenciesMetadata,examplesRuntimeClasspath
io.netty:netty-buffer:4.1.111.Final=examplesCompileClasspath,examplesImplementationDependenciesMetadata,examplesRuntimeClasspath
io.netty:netty-codec-dns:4.1.111.Final=examplesCompileClasspath,examplesImplementationDependenciesMetadata,examplesRuntimeClasspath
io.netty:netty-codec-http2:4.1.111.Final=examplesCompileClasspath,examplesImplementationDependenciesMetadata,examplesRuntimeClasspath
io.netty:netty-codec-http:4.1.111.Final=examplesCompileClasspath,examplesImplementationDependenciesMetadata,examplesRuntimeClasspath
io.netty:netty-codec-socks:4.1.111.Final=examplesCompileClasspath,examplesImplementationDependenciesMetadata,examplesRuntimeClasspath
io.netty:netty-codec:4.1.111.Final=examplesCompileClasspath,examplesImplementationDependenciesMetadata,examplesRuntimeClasspath
io.netty:netty-common:4.1.111.Final=examplesCompileClasspath,examplesImplementationDependenciesMetadata,examplesRuntimeClasspath
io.netty:netty-handler-proxy:4.1.111.Final=examplesCompileClasspath,examplesImplementationDependenciesMetadata,examplesRuntimeClasspath
io.netty:netty-handler:4.1.111.Final=examplesCompileClasspath,examplesImplementationDependenciesMetadata,examplesRuntimeClasspath
io.netty:netty-resolver-dns:4.1.111.Final=examplesCompileClasspath,examplesImplementationDependenciesMetadata,examplesRuntimeClasspath
io.netty:netty-resolver:4.1.111.Final=examplesCompileClasspath,examplesImplementationDependenciesMetadata,examplesRuntimeClasspath
io.netty:netty-transport-native-unix-common:4.1.111.Final=examplesCompileClasspath,examplesImplementationDependenciesMetadata,examplesRuntimeClasspath
io.netty:netty-transport:4.1.111.Final=examplesCompileClasspath,examplesImplementationDependenciesMetadata,examplesRuntimeClasspath
io.vertx:vertx-core:4.5.10=examplesCompileClasspath,examplesImplementationDependenciesMetadata,examplesRuntimeClasspath
it.unimi.dsi:fastutil-core:8.5.12=dokkaGfmPlugin,dokkaHtmlPlugin,dokkaJavadocPlugin,dokkaJekyllPlugin
jakarta.activation:jakarta.activation-api:1.2.1=dokkaGfmRuntime,dokkaHtmlRuntime,dokkaJavadocRuntime,dokkaJekyllRuntime
jakarta.xml.bind:jakarta.xml.bind-api:2.3.2=dokkaGfmRuntime,dokkaHtmlRuntime,dokkaJavadocRuntime,dokkaJekyllRuntime
net.i2p.crypto:eddsa:0.3.0=examplesCompileClasspath,examplesImplementationDependenciesMetadata,examplesRuntimeClasspath
net.java.dev.jna:jna:5.14.0=examplesRuntimeClasspath,runtimeClasspath,testRuntimeClasspath
org.apache.bcel:bcel:6.10.0=testCompileClasspath,testImplementationDependenciesMetadata,testRuntimeClasspath
org.apache.bcel:bcel:6.9.0=testDependencySources
org.apache.commons:commons-compress:1.27.1=examplesCompileClasspath,examplesImplementationDependenciesMetadata,examplesRuntimeClasspath
org.apache.commons:commons-lang3:3.14.0=testCompileClasspath,testDependencySources,testImplementationDependenciesMetadata,testRuntimeClasspath
org.apache.commons:commons-lang3:3.16.0=examplesCompileClasspath,examplesImplementationDependenciesMetadata,examplesRuntimeClasspath
org.apache.james:apache-mime4j-core:0.8.11=examplesCompileClasspath,examplesImplementationDependenciesMetadata,examplesRuntimeClasspath
org.apache.sshd:sshd-common:2.14.0=examplesCompileClasspath,examplesImplementationDependenciesMetadata,examplesRuntimeClasspath
org.apache.sshd:sshd-core:2.14.0=examplesCompileClasspath,examplesImplementationDependenciesMetadata,examplesRuntimeClasspath
org.apache.sshd:sshd-git:2.14.0=examplesCompileClasspath,examplesImplementationDependenciesMetadata,examplesRuntimeClasspath
org.apache.sshd:sshd-netty:2.14.0=examplesCompileClasspath,examplesImplementationDependenciesMetadata,examplesRuntimeClasspath
org.apiguardian:apiguardian-api:1.1.2=testCompileClasspath,testImplementationDependenciesMetadata
org.bouncycastle:bcpg-jdk18on:1.78.1=examplesCompileClasspath,examplesImplementationDependenciesMetadata,examplesRuntimeClasspath
org.bouncycastle:bcpkix-jdk18on:1.79=examplesCompileClasspath,examplesImplementationDependenciesMetadata,examplesRuntimeClasspath
org.bouncycastle:bcprov-jdk18on:1.79=examplesCompileClasspath,examplesImplementationDependenciesMetadata,examplesRuntimeClasspath
org.bouncycastle:bcutil-jdk18on:1.79=examplesCompileClasspath,examplesImplementationDependenciesMetadata,examplesRuntimeClasspath
org.codehaus.woodstox:stax2-api:4.2.1=dokkaGfmRuntime,dokkaHtmlRuntime,dokkaJavadocRuntime,dokkaJekyllRuntime
org.eclipse.jdt:ecj:3.33.0=examplesCompileClasspath,examplesImplementationDependenciesMetadata,examplesRuntimeClasspath
org.eclipse.jgit:org.eclipse.jgit:5.13.3.202401111512-r=examplesCompileClasspath,examplesImplementationDependenciesMetadata,examplesRuntimeClasspath
org.freemarker:freemarker:2.3.32=dokkaGfmPlugin,dokkaHtmlPlugin,dokkaJavadocPlugin,dokkaJekyllPlugin
org.jetbrains.dokka:analysis-kotlin-descriptors:1.9.20=dokkaGfmPlugin,dokkaHtmlPlugin,dokkaJavadocPlugin,dokkaJekyllPlugin
org.jetbrains.dokka:analysis-markdown:1.9.20=dokkaGfmPlugin,dokkaHtmlPlugin,dokkaJavadocPlugin,dokkaJekyllPlugin
org.jetbrains.dokka:dokka-base:1.9.20=dokkaGfmPlugin,dokkaHtmlPlugin,dokkaJavadocPlugin,dokkaJekyllPlugin
org.jetbrains.dokka:dokka-core:1.9.20=dokkaGfmRuntime,dokkaHtmlRuntime,dokkaJavadocRuntime,dokkaJekyllRuntime
org.jetbrains.dokka:javadoc-plugin:1.9.20=dokkaJavadocPlugin
org.jetbrains.dokka:kotlin-as-java-plugin:1.9.20=dokkaJavadocPlugin
org.jetbrains.intellij.deps:trove4j:1.0.20200330=kotlinBuildToolsApiClasspath,kotlinCompilerClasspath,kotlinKlibCommonizerClasspath
org.jetbrains.kotlin:kotlin-build-common:2.0.21=kotlinBuildToolsApiClasspath
org.jetbrains.kotlin:kotlin-build-tools-api:2.0.21=kotlinBuildToolsApiClasspath
org.jetbrains.kotlin:kotlin-build-tools-impl:2.0.21=kotlinBuildToolsApiClasspath
org.jetbrains.kotlin:kotlin-compiler-embeddable:2.0.21=kotlinBuildToolsApiClasspath,kotlinCompilerClasspath,kotlinKlibCommonizerClasspath
org.jetbrains.kotlin:kotlin-compiler-runner:2.0.21=kotlinBuildToolsApiClasspath
org.jetbrains.kotlin:kotlin-daemon-client:2.0.21=kotlinBuildToolsApiClasspath
org.jetbrains.kotlin:kotlin-daemon-embeddable:2.0.21=kotlinBuildToolsApiClasspath,kotlinCompilerClasspath,kotlinKlibCommonizerClasspath
org.jetbrains.kotlin:kotlin-klib-commonizer-embeddable:2.0.21=kotlinKlibCommonizerClasspath
org.jetbrains.kotlin:kotlin-native-prebuilt:2.0.21=kotlinNativeBundleConfiguration
org.jetbrains.kotlin:kotlin-reflect:1.6.10=kotlinBuildToolsApiClasspath,kotlinCompilerClasspath,kotlinKlibCommonizerClasspath
org.jetbrains.kotlin:kotlin-reflect:1.9.22=dokkaGfmPlugin,dokkaGfmRuntime,dokkaHtmlPlugin,dokkaHtmlRuntime,dokkaJavadocPlugin,dokkaJavadocRuntime,dokkaJekyllPlugin,dokkaJekyllRuntime
org.jetbrains.kotlin:kotlin-script-runtime:2.0.21=kotlinBuildToolsApiClasspath,kotlinCompilerClasspath,kotlinCompilerPluginClasspathExamples,kotlinCompilerPluginClasspathLauncher,kotlinCompilerPluginClasspathMain,kotlinCompilerPluginClasspathTest,kotlinKlibCommonizerClasspath
org.jetbrains.kotlin:kotlin-scripting-common:2.0.21=kotlinBuildToolsApiClasspath,kotlinCompilerPluginClasspathExamples,kotlinCompilerPluginClasspathLauncher,kotlinCompilerPluginClasspathMain,kotlinCompilerPluginClasspathTest
org.jetbrains.kotlin:kotlin-scripting-compiler-embeddable:2.0.21=kotlinBuildToolsApiClasspath,kotlinCompilerPluginClasspathExamples,kotlinCompilerPluginClasspathLauncher,kotlinCompilerPluginClasspathMain,kotlinCompilerPluginClasspathTest
org.jetbrains.kotlin:kotlin-scripting-compiler-impl-embeddable:2.0.21=kotlinBuildToolsApiClasspath,kotlinCompilerPluginClasspathExamples,kotlinCompilerPluginClasspathLauncher,kotlinCompilerPluginClasspathMain,kotlinCompilerPluginClasspathTest
org.jetbrains.kotlin:kotlin-scripting-jvm:2.0.21=kotlinBuildToolsApiClasspath,kotlinCompilerPluginClasspathExamples,kotlinCompilerPluginClasspathLauncher,kotlinCompilerPluginClasspathMain,kotlinCompilerPluginClasspathTest
org.jetbrains.kotlin:kotlin-serialization-compiler-plugin-embeddable:2.0.21=kotlinCompilerPluginClasspathExamples,kotlinCompilerPluginClasspathLauncher,kotlinCompilerPluginClasspathMain,kotlinCompilerPluginClasspathTest
org.jetbrains.kotlin:kotlin-stdlib-common:1.9.22=dokkaGfmPlugin,dokkaGfmRuntime,dokkaHtmlPlugin,dokkaHtmlRuntime,dokkaJavadocPlugin,dokkaJavadocRuntime,dokkaJekyllPlugin,dokkaJekyllRuntime
org.jetbrains.kotlin:kotlin-stdlib-jdk7:1.8.20=dokkaGfmRuntime,dokkaHtmlRuntime,dokkaJavadocRuntime,dokkaJekyllRuntime
org.jetbrains.kotlin:kotlin-stdlib-jdk7:1.9.0=dokkaGfmPlugin,dokkaHtmlPlugin,dokkaJavadocPlugin,dokkaJekyllPlugin
org.jetbrains.kotlin:kotlin-stdlib-jdk8:1.8.20=dokkaGfmRuntime,dokkaHtmlRuntime,dokkaJavadocRuntime,dokkaJekyllRuntime
org.jetbrains.kotlin:kotlin-stdlib-jdk8:1.9.0=dokkaGfmPlugin,dokkaHtmlPlugin,dokkaJavadocPlugin,dokkaJekyllPlugin
org.jetbrains.kotlin:kotlin-stdlib:1.9.22=dokkaGfmPlugin,dokkaGfmRuntime,dokkaHtmlPlugin,dokkaHtmlRuntime,dokkaJavadocPlugin,dokkaJavadocRuntime,dokkaJekyllPlugin,dokkaJekyllRuntime
org.jetbrains.kotlin:kotlin-stdlib:2.0.0=dependencySources,launcherDependencySources,testDependencySources
org.jetbrains.kotlin:kotlin-stdlib:2.0.21=compileClasspath,examplesCompileClasspath,examplesImplementationDependenciesMetadata,examplesRuntimeClasspath,implementationDependenciesMetadata,kotlinBuildToolsApiClasspath,kotlinCompilerClasspath,kotlinCompilerPluginClasspathExamples,kotlinCompilerPluginClasspathLauncher,kotlinCompilerPluginClasspathMain,kotlinCompilerPluginClasspathTest,kotlinKlibCommonizerClasspath,launcherApiDependenciesMetadata,launcherCompileClasspath,launcherImplementationDependenciesMetadata,launcherRuntimeClasspath,runtimeClasspath,testCompileClasspath,testImplementationDependenciesMetadata,testRuntimeClasspath
org.jetbrains.kotlinx:kotlinx-coroutines-bom:1.7.3=dokkaGfmPlugin,dokkaGfmRuntime,dokkaHtmlPlugin,dokkaHtmlRuntime,dokkaJavadocPlugin,dokkaJavadocRuntime,dokkaJekyllPlugin,dokkaJekyllRuntime
org.jetbrains.kotlinx:kotlinx-coroutines-core-jvm:1.6.4=kotlinBuildToolsApiClasspath,kotlinCompilerClasspath,kotlinKlibCommonizerClasspath
org.jetbrains.kotlinx:kotlinx-coroutines-core-jvm:1.7.3=dokkaGfmPlugin,dokkaGfmRuntime,dokkaHtmlPlugin,dokkaHtmlRuntime,dokkaJavadocPlugin,dokkaJavadocRuntime,dokkaJekyllPlugin,dokkaJekyllRuntime
org.jetbrains.kotlinx:kotlinx-coroutines-core:1.7.3=dokkaGfmPlugin,dokkaGfmRuntime,dokkaHtmlPlugin,dokkaHtmlRuntime,dokkaJavadocPlugin,dokkaJavadocRuntime,dokkaJekyllPlugin,dokkaJekyllRuntime
org.jetbrains.kotlinx:kotlinx-html-jvm:0.9.1=dokkaGfmPlugin,dokkaHtmlPlugin,dokkaJavadocPlugin,dokkaJekyllPlugin
org.jetbrains.kotlinx:kotlinx-serialization-bom:1.7.3=examplesCompileClasspath,examplesRuntimeClasspath
org.jetbrains.kotlinx:kotlinx-serialization-core-jvm:1.7.3=examplesCompileClasspath,examplesRuntimeClasspath
org.jetbrains.kotlinx:kotlinx-serialization-core:1.7.3=examplesCompileClasspath,examplesImplementationDependenciesMetadata,examplesRuntimeClasspath
org.jetbrains.kotlinx:kotlinx-serialization-json-jvm:1.7.3=examplesCompileClasspath,examplesRuntimeClasspath
org.jetbrains.kotlinx:kotlinx-serialization-json:1.7.3=examplesCompileClasspath,examplesImplementationDependenciesMetadata,examplesRuntimeClasspath
org.jetbrains:annotations:13.0=compileClasspath,examplesCompileClasspath,examplesRuntimeClasspath,kotlinBuildToolsApiClasspath,kotlinCompilerClasspath,kotlinCompilerPluginClasspathExamples,kotlinCompilerPluginClasspathLauncher,kotlinCompilerPluginClasspathMain,kotlinCompilerPluginClasspathTest,kotlinKlibCommonizerClasspath,launcherCompileClasspath,launcherRuntimeClasspath,runtimeClasspath,testCompileClasspath,testRuntimeClasspath
org.jetbrains:annotations:23.0.0=dokkaGfmPlugin,dokkaGfmRuntime,dokkaHtmlPlugin,dokkaHtmlRuntime,dokkaJavadocPlugin,dokkaJavadocRuntime,dokkaJekyllPlugin,dokkaJekyllRuntime
org.jetbrains:markdown-jvm:0.5.2=dokkaGfmPlugin,dokkaHtmlPlugin,dokkaJavadocPlugin,dokkaJekyllPlugin
org.jetbrains:markdown:0.5.2=dokkaGfmPlugin,dokkaHtmlPlugin,dokkaJavadocPlugin,dokkaJekyllPlugin
org.jsoup:jsoup:1.16.1=dokkaGfmPlugin,dokkaHtmlPlugin,dokkaJavadocPlugin,dokkaJekyllPlugin
org.junit.jupiter:junit-jupiter-api:5.11.3=testCompileClasspath,testImplementationDependenciesMetadata,testRuntimeClasspath
org.junit.jupiter:junit-jupiter-engine:5.11.3=testRuntimeClasspath
org.junit.jupiter:junit-jupiter-params:5.11.3=testCompileClasspath,testImplementationDependenciesMetadata,testRuntimeClasspath
org.junit.jupiter:junit-jupiter:5.11.0-M2=testDependencySources
org.junit.jupiter:junit-jupiter:5.11.3=testCompileClasspath,testImplementationDependenciesMetadata,testRuntimeClasspath
org.junit.platform:junit-platform-commons:1.11.3=testCompileClasspath,testImplementationDependenciesMetadata,testRuntimeClasspath
org.junit.platform:junit-platform-engine:1.11.3=testRuntimeClasspath
org.junit:junit-bom:5.11.3=testCompileClasspath,testImplementationDependenciesMetadata,testRuntimeClasspath
org.opentest4j:opentest4j:1.3.0=testCompileClasspath,testImplementationDependenciesMetadata,testRuntimeClasspath
org.slf4j:jcl-over-slf4j:1.7.36=examplesCompileClasspath,examplesImplementationDependenciesMetadata,examplesRuntimeClasspath
org.slf4j:slf4j-api:1.7.36=examplesCompileClasspath,examplesImplementationDependenciesMetadata,examplesRuntimeClasspath
empty=annotationProcessor,apiDependenciesMetadata,compileOnlyDependenciesMetadata,dokkaPlugin,dokkaRuntime,examplesAnnotationProcessor,examplesApiDependenciesMetadata,examplesCompileOnlyDependenciesMetadata,examplesIntransitiveDependenciesMetadata,examplesKotlinScriptDef,examplesKotlinScriptDefExtensions,intransitiveDependenciesMetadata,kotlinCompilerPluginClasspath,kotlinNativeCompilerPluginClasspath,kotlinScriptDef,kotlinScriptDefExtensions,launcherAnnotationProcessor,launcherCompileOnlyDependenciesMetadata,launcherIntransitiveDependenciesMetadata,launcherKotlinScriptDef,launcherKotlinScriptDefExtensions,testAnnotationProcessor,testApiDependenciesMetadata,testCompileOnlyDependenciesMetadata,testIntransitiveDependenciesMetadata,testKotlinScriptDef,testKotlinScriptDefExtensions
